
Microsoft Visual Studio Solution File, Format Version 12.00
# Visual Studio Version 17
VisualStudioVersion = 17.0.31919.166
MinimumVisualStudioVersion = 10.0.40219.1
Project("{9A19103F-16F7-4668-BE54-9A1E7A4F7556}") = "CourseManagement", "XioHoo\XioHoo\CourseManagement.csproj", "{249AC14D-7569-4F6B-8DE9-A0A85D8B41DE}"
EndProject
Global
	GlobalSection(SolutionConfigurationPlatforms) = preSolution
		Debug|Any CPU = Debug|Any CPU
		Release|Any CPU = Release|Any CPU
	EndGlobalSection
	GlobalSection(ProjectConfigurationPlatforms) = postSolution
		{249AC14D-7569-4F6B-8DE9-A0A85D8B41DE}.Debug|Any CPU.ActiveCfg = Debug|Any CPU
		{249AC14D-7569-4F6B-8DE9-A0A85D8B41DE}.Debug|Any CPU.Build.0 = Debug|Any CPU
		{249AC14D-7569-4F6B-8DE9-A0A85D8B41DE}.Release|Any CPU.ActiveCfg = Release|Any CPU
		{249AC14D-7569-4F6B-8DE9-A0A85D8B41DE}.Release|Any CPU.Build.0 = Release|Any CPU
	EndGlobalSection
	GlobalSection(SolutionProperties) = preSolution
		HideSolutionNode = FALSE
	EndGlobalSection
	GlobalSection(ExtensibilityGlobals) = postSolution
		SolutionGuid = {E39D352A-C4BD-4A75-A7E1-B6BAEA38081B}
	EndGlobalSection
EndGlobal
