
Microsoft Visual Studio Solution File, Format Version 12.00
# Visual Studio Version 16
VisualStudioVersion = 16.0.30114.105
MinimumVisualStudioVersion = 10.0.40219.1
Project("{FAE04EC0-301F-11D3-BF4B-00C04F79EFBC}") = "Lesson01", "Lesson01\Lesson01.csproj", "{AE79A46D-2B3C-4BE4-9D46-94087B1D1FF3}"
EndProject
Project("{FAE04EC0-301F-11D3-BF4B-00C04F79EFBC}") = "Lesson02", "Lesson02\Lesson02.csproj", "{91375784-0886-4D2C-A7C6-99BE000521FD}"
EndProject
Project("{FAE04EC0-301F-11D3-BF4B-00C04F79EFBC}") = "Lesson03", "Lesson03\Lesson03.csproj", "{965B2EB6-84A8-40FF-9ADF-E7064F6DFD21}"
EndProject
Project("{FAE04EC0-301F-11D3-BF4B-00C04F79EFBC}") = "Lesson04", "Lesson04\Lesson04.csproj", "{CB03B766-1035-4F2F-9D13-F33044AAD27C}"
EndProject
Project("{FAE04EC0-301F-11D3-BF4B-00C04F79EFBC}") = "Lesson05", "Lesson05\Lesson05.csproj", "{F56436C5-198E-4DED-9609-480DA5C41445}"
EndProject
Project("{FAE04EC0-301F-11D3-BF4B-00C04F79EFBC}") = "Lesson06", "Lesson06\Lesson06.csproj", "{AC8483D4-0F59-43E4-A9F3-E6B6BCAD3636}"
EndProject
Project("{FAE04EC0-301F-11D3-BF4B-00C04F79EFBC}") = "Lesson07", "Lesson07\Lesson07.csproj", "{FAB69C6D-392C-431D-96D5-B533A197C011}"
EndProject
Project("{FAE04EC0-301F-11D3-BF4B-00C04F79EFBC}") = "Lesson08", "Lesson08\Lesson08.csproj", "{EC5448BE-1593-4D2E-B075-B624CB4393AD}"
EndProject
Project("{FAE04EC0-301F-11D3-BF4B-00C04F79EFBC}") = "Lesson09", "Lesson09\Lesson09.csproj", "{02D66515-C8A7-476C-9254-65CC3148055C}"
EndProject
Project("{FAE04EC0-301F-11D3-BF4B-00C04F79EFBC}") = "Lesson10", "Lesson10\Lesson10.csproj", "{771E510A-1D75-49F6-9F28-D6B9B24C8755}"
EndProject
Project("{FAE04EC0-301F-11D3-BF4B-00C04F79EFBC}") = "Lesson11", "Lesson11\Lesson11.csproj", "{6557C48B-FDD0-487D-A8E6-D7A8A29195C9}"
EndProject
Project("{FAE04EC0-301F-11D3-BF4B-00C04F79EFBC}") = "Lesson12", "Lesson12\Lesson12.csproj", "{16591ECB-AB19-4D31-AB31-0EF309367946}"
EndProject
Project("{FAE04EC0-301F-11D3-BF4B-00C04F79EFBC}") = "Lesson13", "Lesson13\Lesson13.csproj", "{85358FF6-6C4C-4C4A-BD11-D1205FFBA99B}"
EndProject
Global
	GlobalSection(SolutionConfigurationPlatforms) = preSolution
		Debug|Any CPU = Debug|Any CPU
		Debug|x64 = Debug|x64
		Debug|x86 = Debug|x86
		Release|Any CPU = Release|Any CPU
		Release|x64 = Release|x64
		Release|x86 = Release|x86
	EndGlobalSection
	GlobalSection(SolutionProperties) = preSolution
		HideSolutionNode = FALSE
	EndGlobalSection
	GlobalSection(ProjectConfigurationPlatforms) = postSolution
		{AE79A46D-2B3C-4BE4-9D46-94087B1D1FF3}.Debug|Any CPU.ActiveCfg = Debug|Any CPU
		{AE79A46D-2B3C-4BE4-9D46-94087B1D1FF3}.Debug|Any CPU.Build.0 = Debug|Any CPU
		{AE79A46D-2B3C-4BE4-9D46-94087B1D1FF3}.Debug|x64.ActiveCfg = Debug|Any CPU
		{AE79A46D-2B3C-4BE4-9D46-94087B1D1FF3}.Debug|x64.Build.0 = Debug|Any CPU
		{AE79A46D-2B3C-4BE4-9D46-94087B1D1FF3}.Debug|x86.ActiveCfg = Debug|Any CPU
		{AE79A46D-2B3C-4BE4-9D46-94087B1D1FF3}.Debug|x86.Build.0 = Debug|Any CPU
		{AE79A46D-2B3C-4BE4-9D46-94087B1D1FF3}.Release|Any CPU.ActiveCfg = Release|Any CPU
		{AE79A46D-2B3C-4BE4-9D46-94087B1D1FF3}.Release|Any CPU.Build.0 = Release|Any CPU
		{AE79A46D-2B3C-4BE4-9D46-94087B1D1FF3}.Release|x64.ActiveCfg = Release|Any CPU
		{AE79A46D-2B3C-4BE4-9D46-94087B1D1FF3}.Release|x64.Build.0 = Release|Any CPU
		{AE79A46D-2B3C-4BE4-9D46-94087B1D1FF3}.Release|x86.ActiveCfg = Release|Any CPU
		{AE79A46D-2B3C-4BE4-9D46-94087B1D1FF3}.Release|x86.Build.0 = Release|Any CPU
		{91375784-0886-4D2C-A7C6-99BE000521FD}.Debug|Any CPU.ActiveCfg = Debug|Any CPU
		{91375784-0886-4D2C-A7C6-99BE000521FD}.Debug|Any CPU.Build.0 = Debug|Any CPU
		{91375784-0886-4D2C-A7C6-99BE000521FD}.Debug|x64.ActiveCfg = Debug|Any CPU
		{91375784-0886-4D2C-A7C6-99BE000521FD}.Debug|x64.Build.0 = Debug|Any CPU
		{91375784-0886-4D2C-A7C6-99BE000521FD}.Debug|x86.ActiveCfg = Debug|Any CPU
		{91375784-0886-4D2C-A7C6-99BE000521FD}.Debug|x86.Build.0 = Debug|Any CPU
		{91375784-0886-4D2C-A7C6-99BE000521FD}.Release|Any CPU.ActiveCfg = Release|Any CPU
		{91375784-0886-4D2C-A7C6-99BE000521FD}.Release|Any CPU.Build.0 = Release|Any CPU
		{91375784-0886-4D2C-A7C6-99BE000521FD}.Release|x64.ActiveCfg = Release|Any CPU
		{91375784-0886-4D2C-A7C6-99BE000521FD}.Release|x64.Build.0 = Release|Any CPU
		{91375784-0886-4D2C-A7C6-99BE000521FD}.Release|x86.ActiveCfg = Release|Any CPU
		{91375784-0886-4D2C-A7C6-99BE000521FD}.Release|x86.Build.0 = Release|Any CPU
		{965B2EB6-84A8-40FF-9ADF-E7064F6DFD21}.Debug|Any CPU.ActiveCfg = Debug|Any CPU
		{965B2EB6-84A8-40FF-9ADF-E7064F6DFD21}.Debug|Any CPU.Build.0 = Debug|Any CPU
		{965B2EB6-84A8-40FF-9ADF-E7064F6DFD21}.Debug|x64.ActiveCfg = Debug|Any CPU
		{965B2EB6-84A8-40FF-9ADF-E7064F6DFD21}.Debug|x64.Build.0 = Debug|Any CPU
		{965B2EB6-84A8-40FF-9ADF-E7064F6DFD21}.Debug|x86.ActiveCfg = Debug|Any CPU
		{965B2EB6-84A8-40FF-9ADF-E7064F6DFD21}.Debug|x86.Build.0 = Debug|Any CPU
		{965B2EB6-84A8-40FF-9ADF-E7064F6DFD21}.Release|Any CPU.ActiveCfg = Release|Any CPU
		{965B2EB6-84A8-40FF-9ADF-E7064F6DFD21}.Release|Any CPU.Build.0 = Release|Any CPU
		{965B2EB6-84A8-40FF-9ADF-E7064F6DFD21}.Release|x64.ActiveCfg = Release|Any CPU
		{965B2EB6-84A8-40FF-9ADF-E7064F6DFD21}.Release|x64.Build.0 = Release|Any CPU
		{965B2EB6-84A8-40FF-9ADF-E7064F6DFD21}.Release|x86.ActiveCfg = Release|Any CPU
		{965B2EB6-84A8-40FF-9ADF-E7064F6DFD21}.Release|x86.Build.0 = Release|Any CPU
		{CB03B766-1035-4F2F-9D13-F33044AAD27C}.Debug|Any CPU.ActiveCfg = Debug|Any CPU
		{CB03B766-1035-4F2F-9D13-F33044AAD27C}.Debug|Any CPU.Build.0 = Debug|Any CPU
		{CB03B766-1035-4F2F-9D13-F33044AAD27C}.Debug|x64.ActiveCfg = Debug|Any CPU
		{CB03B766-1035-4F2F-9D13-F33044AAD27C}.Debug|x64.Build.0 = Debug|Any CPU
		{CB03B766-1035-4F2F-9D13-F33044AAD27C}.Debug|x86.ActiveCfg = Debug|Any CPU
		{CB03B766-1035-4F2F-9D13-F33044AAD27C}.Debug|x86.Build.0 = Debug|Any CPU
		{CB03B766-1035-4F2F-9D13-F33044AAD27C}.Release|Any CPU.ActiveCfg = Release|Any CPU
		{CB03B766-1035-4F2F-9D13-F33044AAD27C}.Release|Any CPU.Build.0 = Release|Any CPU
		{CB03B766-1035-4F2F-9D13-F33044AAD27C}.Release|x64.ActiveCfg = Release|Any CPU
		{CB03B766-1035-4F2F-9D13-F33044AAD27C}.Release|x64.Build.0 = Release|Any CPU
		{CB03B766-1035-4F2F-9D13-F33044AAD27C}.Release|x86.ActiveCfg = Release|Any CPU
		{CB03B766-1035-4F2F-9D13-F33044AAD27C}.Release|x86.Build.0 = Release|Any CPU
		{F56436C5-198E-4DED-9609-480DA5C41445}.Debug|Any CPU.ActiveCfg = Debug|Any CPU
		{F56436C5-198E-4DED-9609-480DA5C41445}.Debug|Any CPU.Build.0 = Debug|Any CPU
		{F56436C5-198E-4DED-9609-480DA5C41445}.Debug|x64.ActiveCfg = Debug|Any CPU
		{F56436C5-198E-4DED-9609-480DA5C41445}.Debug|x64.Build.0 = Debug|Any CPU
		{F56436C5-198E-4DED-9609-480DA5C41445}.Debug|x86.ActiveCfg = Debug|Any CPU
		{F56436C5-198E-4DED-9609-480DA5C41445}.Debug|x86.Build.0 = Debug|Any CPU
		{F56436C5-198E-4DED-9609-480DA5C41445}.Release|Any CPU.ActiveCfg = Release|Any CPU
		{F56436C5-198E-4DED-9609-480DA5C41445}.Release|Any CPU.Build.0 = Release|Any CPU
		{F56436C5-198E-4DED-9609-480DA5C41445}.Release|x64.ActiveCfg = Release|Any CPU
		{F56436C5-198E-4DED-9609-480DA5C41445}.Release|x64.Build.0 = Release|Any CPU
		{F56436C5-198E-4DED-9609-480DA5C41445}.Release|x86.ActiveCfg = Release|Any CPU
		{F56436C5-198E-4DED-9609-480DA5C41445}.Release|x86.Build.0 = Release|Any CPU
		{AC8483D4-0F59-43E4-A9F3-E6B6BCAD3636}.Debug|Any CPU.ActiveCfg = Debug|Any CPU
		{AC8483D4-0F59-43E4-A9F3-E6B6BCAD3636}.Debug|Any CPU.Build.0 = Debug|Any CPU
		{AC8483D4-0F59-43E4-A9F3-E6B6BCAD3636}.Debug|x64.ActiveCfg = Debug|Any CPU
		{AC8483D4-0F59-43E4-A9F3-E6B6BCAD3636}.Debug|x64.Build.0 = Debug|Any CPU
		{AC8483D4-0F59-43E4-A9F3-E6B6BCAD3636}.Debug|x86.ActiveCfg = Debug|Any CPU
		{AC8483D4-0F59-43E4-A9F3-E6B6BCAD3636}.Debug|x86.Build.0 = Debug|Any CPU
		{AC8483D4-0F59-43E4-A9F3-E6B6BCAD3636}.Release|Any CPU.ActiveCfg = Release|Any CPU
		{AC8483D4-0F59-43E4-A9F3-E6B6BCAD3636}.Release|Any CPU.Build.0 = Release|Any CPU
		{AC8483D4-0F59-43E4-A9F3-E6B6BCAD3636}.Release|x64.ActiveCfg = Release|Any CPU
		{AC8483D4-0F59-43E4-A9F3-E6B6BCAD3636}.Release|x64.Build.0 = Release|Any CPU
		{AC8483D4-0F59-43E4-A9F3-E6B6BCAD3636}.Release|x86.ActiveCfg = Release|Any CPU
		{AC8483D4-0F59-43E4-A9F3-E6B6BCAD3636}.Release|x86.Build.0 = Release|Any CPU
		{FAB69C6D-392C-431D-96D5-B533A197C011}.Debug|Any CPU.ActiveCfg = Debug|Any CPU
		{FAB69C6D-392C-431D-96D5-B533A197C011}.Debug|Any CPU.Build.0 = Debug|Any CPU
		{FAB69C6D-392C-431D-96D5-B533A197C011}.Debug|x64.ActiveCfg = Debug|Any CPU
		{FAB69C6D-392C-431D-96D5-B533A197C011}.Debug|x64.Build.0 = Debug|Any CPU
		{FAB69C6D-392C-431D-96D5-B533A197C011}.Debug|x86.ActiveCfg = Debug|Any CPU
		{FAB69C6D-392C-431D-96D5-B533A197C011}.Debug|x86.Build.0 = Debug|Any CPU
		{FAB69C6D-392C-431D-96D5-B533A197C011}.Release|Any CPU.ActiveCfg = Release|Any CPU
		{FAB69C6D-392C-431D-96D5-B533A197C011}.Release|Any CPU.Build.0 = Release|Any CPU
		{FAB69C6D-392C-431D-96D5-B533A197C011}.Release|x64.ActiveCfg = Release|Any CPU
		{FAB69C6D-392C-431D-96D5-B533A197C011}.Release|x64.Build.0 = Release|Any CPU
		{FAB69C6D-392C-431D-96D5-B533A197C011}.Release|x86.ActiveCfg = Release|Any CPU
		{FAB69C6D-392C-431D-96D5-B533A197C011}.Release|x86.Build.0 = Release|Any CPU
		{EC5448BE-1593-4D2E-B075-B624CB4393AD}.Debug|Any CPU.ActiveCfg = Debug|Any CPU
		{EC5448BE-1593-4D2E-B075-B624CB4393AD}.Debug|Any CPU.Build.0 = Debug|Any CPU
		{EC5448BE-1593-4D2E-B075-B624CB4393AD}.Debug|x64.ActiveCfg = Debug|Any CPU
		{EC5448BE-1593-4D2E-B075-B624CB4393AD}.Debug|x64.Build.0 = Debug|Any CPU
		{EC5448BE-1593-4D2E-B075-B624CB4393AD}.Debug|x86.ActiveCfg = Debug|Any CPU
		{EC5448BE-1593-4D2E-B075-B624CB4393AD}.Debug|x86.Build.0 = Debug|Any CPU
		{EC5448BE-1593-4D2E-B075-B624CB4393AD}.Release|Any CPU.ActiveCfg = Release|Any CPU
		{EC5448BE-1593-4D2E-B075-B624CB4393AD}.Release|Any CPU.Build.0 = Release|Any CPU
		{EC5448BE-1593-4D2E-B075-B624CB4393AD}.Release|x64.ActiveCfg = Release|Any CPU
		{EC5448BE-1593-4D2E-B075-B624CB4393AD}.Release|x64.Build.0 = Release|Any CPU
		{EC5448BE-1593-4D2E-B075-B624CB4393AD}.Release|x86.ActiveCfg = Release|Any CPU
		{EC5448BE-1593-4D2E-B075-B624CB4393AD}.Release|x86.Build.0 = Release|Any CPU
		{02D66515-C8A7-476C-9254-65CC3148055C}.Debug|Any CPU.ActiveCfg = Debug|Any CPU
		{02D66515-C8A7-476C-9254-65CC3148055C}.Debug|Any CPU.Build.0 = Debug|Any CPU
		{02D66515-C8A7-476C-9254-65CC3148055C}.Debug|x64.ActiveCfg = Debug|Any CPU
		{02D66515-C8A7-476C-9254-65CC3148055C}.Debug|x64.Build.0 = Debug|Any CPU
		{02D66515-C8A7-476C-9254-65CC3148055C}.Debug|x86.ActiveCfg = Debug|Any CPU
		{02D66515-C8A7-476C-9254-65CC3148055C}.Debug|x86.Build.0 = Debug|Any CPU
		{02D66515-C8A7-476C-9254-65CC3148055C}.Release|Any CPU.ActiveCfg = Release|Any CPU
		{02D66515-C8A7-476C-9254-65CC3148055C}.Release|Any CPU.Build.0 = Release|Any CPU
		{02D66515-C8A7-476C-9254-65CC3148055C}.Release|x64.ActiveCfg = Release|Any CPU
		{02D66515-C8A7-476C-9254-65CC3148055C}.Release|x64.Build.0 = Release|Any CPU
		{02D66515-C8A7-476C-9254-65CC3148055C}.Release|x86.ActiveCfg = Release|Any CPU
		{02D66515-C8A7-476C-9254-65CC3148055C}.Release|x86.Build.0 = Release|Any CPU
		{771E510A-1D75-49F6-9F28-D6B9B24C8755}.Debug|Any CPU.ActiveCfg = Debug|Any CPU
		{771E510A-1D75-49F6-9F28-D6B9B24C8755}.Debug|Any CPU.Build.0 = Debug|Any CPU
		{771E510A-1D75-49F6-9F28-D6B9B24C8755}.Debug|x64.ActiveCfg = Debug|Any CPU
		{771E510A-1D75-49F6-9F28-D6B9B24C8755}.Debug|x64.Build.0 = Debug|Any CPU
		{771E510A-1D75-49F6-9F28-D6B9B24C8755}.Debug|x86.ActiveCfg = Debug|Any CPU
		{771E510A-1D75-49F6-9F28-D6B9B24C8755}.Debug|x86.Build.0 = Debug|Any CPU
		{771E510A-1D75-49F6-9F28-D6B9B24C8755}.Release|Any CPU.ActiveCfg = Release|Any CPU
		{771E510A-1D75-49F6-9F28-D6B9B24C8755}.Release|Any CPU.Build.0 = Release|Any CPU
		{771E510A-1D75-49F6-9F28-D6B9B24C8755}.Release|x64.ActiveCfg = Release|Any CPU
		{771E510A-1D75-49F6-9F28-D6B9B24C8755}.Release|x64.Build.0 = Release|Any CPU
		{771E510A-1D75-49F6-9F28-D6B9B24C8755}.Release|x86.ActiveCfg = Release|Any CPU
		{771E510A-1D75-49F6-9F28-D6B9B24C8755}.Release|x86.Build.0 = Release|Any CPU
		{6557C48B-FDD0-487D-A8E6-D7A8A29195C9}.Debug|Any CPU.ActiveCfg = Debug|Any CPU
		{6557C48B-FDD0-487D-A8E6-D7A8A29195C9}.Debug|Any CPU.Build.0 = Debug|Any CPU
		{6557C48B-FDD0-487D-A8E6-D7A8A29195C9}.Debug|x64.ActiveCfg = Debug|Any CPU
		{6557C48B-FDD0-487D-A8E6-D7A8A29195C9}.Debug|x64.Build.0 = Debug|Any CPU
		{6557C48B-FDD0-487D-A8E6-D7A8A29195C9}.Debug|x86.ActiveCfg = Debug|Any CPU
		{6557C48B-FDD0-487D-A8E6-D7A8A29195C9}.Debug|x86.Build.0 = Debug|Any CPU
		{6557C48B-FDD0-487D-A8E6-D7A8A29195C9}.Release|Any CPU.ActiveCfg = Release|Any CPU
		{6557C48B-FDD0-487D-A8E6-D7A8A29195C9}.Release|Any CPU.Build.0 = Release|Any CPU
		{6557C48B-FDD0-487D-A8E6-D7A8A29195C9}.Release|x64.ActiveCfg = Release|Any CPU
		{6557C48B-FDD0-487D-A8E6-D7A8A29195C9}.Release|x64.Build.0 = Release|Any CPU
		{6557C48B-FDD0-487D-A8E6-D7A8A29195C9}.Release|x86.ActiveCfg = Release|Any CPU
		{6557C48B-FDD0-487D-A8E6-D7A8A29195C9}.Release|x86.Build.0 = Release|Any CPU
		{16591ECB-AB19-4D31-AB31-0EF309367946}.Debug|Any CPU.ActiveCfg = Debug|Any CPU
		{16591ECB-AB19-4D31-AB31-0EF309367946}.Debug|Any CPU.Build.0 = Debug|Any CPU
		{16591ECB-AB19-4D31-AB31-0EF309367946}.Debug|x64.ActiveCfg = Debug|Any CPU
		{16591ECB-AB19-4D31-AB31-0EF309367946}.Debug|x64.Build.0 = Debug|Any CPU
		{16591ECB-AB19-4D31-AB31-0EF309367946}.Debug|x86.ActiveCfg = Debug|Any CPU
		{16591ECB-AB19-4D31-AB31-0EF309367946}.Debug|x86.Build.0 = Debug|Any CPU
		{16591ECB-AB19-4D31-AB31-0EF309367946}.Release|Any CPU.ActiveCfg = Release|Any CPU
		{16591ECB-AB19-4D31-AB31-0EF309367946}.Release|Any CPU.Build.0 = Release|Any CPU
		{16591ECB-AB19-4D31-AB31-0EF309367946}.Release|x64.ActiveCfg = Release|Any CPU
		{16591ECB-AB19-4D31-AB31-0EF309367946}.Release|x64.Build.0 = Release|Any CPU
		{16591ECB-AB19-4D31-AB31-0EF309367946}.Release|x86.ActiveCfg = Release|Any CPU
		{16591ECB-AB19-4D31-AB31-0EF309367946}.Release|x86.Build.0 = Release|Any CPU
		{85358FF6-6C4C-4C4A-BD11-D1205FFBA99B}.Debug|Any CPU.ActiveCfg = Debug|Any CPU
		{85358FF6-6C4C-4C4A-BD11-D1205FFBA99B}.Debug|Any CPU.Build.0 = Debug|Any CPU
		{85358FF6-6C4C-4C4A-BD11-D1205FFBA99B}.Debug|x64.ActiveCfg = Debug|Any CPU
		{85358FF6-6C4C-4C4A-BD11-D1205FFBA99B}.Debug|x64.Build.0 = Debug|Any CPU
		{85358FF6-6C4C-4C4A-BD11-D1205FFBA99B}.Debug|x86.ActiveCfg = Debug|Any CPU
		{85358FF6-6C4C-4C4A-BD11-D1205FFBA99B}.Debug|x86.Build.0 = Debug|Any CPU
		{85358FF6-6C4C-4C4A-BD11-D1205FFBA99B}.Release|Any CPU.ActiveCfg = Release|Any CPU
		{85358FF6-6C4C-4C4A-BD11-D1205FFBA99B}.Release|Any CPU.Build.0 = Release|Any CPU
		{85358FF6-6C4C-4C4A-BD11-D1205FFBA99B}.Release|x64.ActiveCfg = Release|Any CPU
		{85358FF6-6C4C-4C4A-BD11-D1205FFBA99B}.Release|x64.Build.0 = Release|Any CPU
		{85358FF6-6C4C-4C4A-BD11-D1205FFBA99B}.Release|x86.ActiveCfg = Release|Any CPU
		{85358FF6-6C4C-4C4A-BD11-D1205FFBA99B}.Release|x86.Build.0 = Release|Any CPU
	EndGlobalSection
EndGlobal
